{
  "name": "ccxt-playground",
  "version": "1.0.0",
  "lockfileVersion": 1,
  "requires": true,
  "dependencies": {
    "ccxt": {
      "version": "1.39.80",
      "resolved": "https://registry.npmjs.org/ccxt/-/ccxt-1.39.80.tgz",
      "integrity": "sha512-Hxhg/bIZM5wV66242L2Z6K9zwT2W837ThFr6w6LaByC4LbHm39momfBy14hpY2o5QTtEbOp98w7z9Cxk0De76Q=="
    }
  }
}
